
Microsoft Visual Studio Solution File, Format Version 12.00
# Visual Studio Version 16
VisualStudioVersion = 16.0.31911.196
MinimumVisualStudioVersion = 10.0.40219.1
Project("{FAE04EC0-301F-11D3-BF4B-00C04F79EFBC}") = "Visual_Lab_3", "Visual_Lab_3\Visual_Lab_3.csproj", "{E6CEDC60-038D-4C6E-97A1-622424747BA9}"
EndProject
Project("{FAE04EC0-301F-11D3-BF4B-00C04F79EFBC}") = "RomanNumberTests", "RomanNumberTests\RomanNumberTests.csproj", "{08B91817-CEFD-44C3-8C57-84301D0B054B}"
EndProject
Global
	GlobalSection(SolutionConfigurationPlatforms) = preSolution
		Debug|Any CPU = Debug|Any CPU
		Release|Any CPU = Release|Any CPU
	EndGlobalSection
	GlobalSection(ProjectConfigurationPlatforms) = postSolution
		{E6CEDC60-038D-4C6E-97A1-622424747BA9}.Debug|Any CPU.ActiveCfg = Debug|Any CPU
		{E6CEDC60-038D-4C6E-97A1-622424747BA9}.Debug|Any CPU.Build.0 = Debug|Any CPU
		{E6CEDC60-038D-4C6E-97A1-622424747BA9}.Release|Any CPU.ActiveCfg = Release|Any CPU
		{E6CEDC60-038D-4C6E-97A1-622424747BA9}.Release|Any CPU.Build.0 = Release|Any CPU
		{08B91817-CEFD-44C3-8C57-84301D0B054B}.Debug|Any CPU.ActiveCfg = Debug|Any CPU
		{08B91817-CEFD-44C3-8C57-84301D0B054B}.Debug|Any CPU.Build.0 = Debug|Any CPU
		{08B91817-CEFD-44C3-8C57-84301D0B054B}.Release|Any CPU.ActiveCfg = Release|Any CPU
		{08B91817-CEFD-44C3-8C57-84301D0B054B}.Release|Any CPU.Build.0 = Release|Any CPU
	EndGlobalSection
	GlobalSection(SolutionProperties) = preSolution
		HideSolutionNode = FALSE
	EndGlobalSection
	GlobalSection(ExtensibilityGlobals) = postSolution
		SolutionGuid = {362BF13B-3121-4624-B716-7FF4050D2E16}
	EndGlobalSection
EndGlobal
